
Microsoft Visual Studio Solution File, Format Version 10.00
# Visual Basic Express 2008
Project("{F184B08F-C81C-45F6-A57F-5ABD9991F28F}") = "Go Surf", "Go Surf\Go Surf.vbproj", "{F4BB4990-210A-4049-B53C-F1BD7F939C7B}"
EndProject
Global
	GlobalSection(SolutionConfigurationPlatforms) = preSolution
		Debug|Any CPU = Debug|Any CPU
		Release|Any CPU = Release|Any CPU
	EndGlobalSection
	GlobalSection(ProjectConfigurationPlatforms) = postSolution
		{F4BB4990-210A-4049-B53C-F1BD7F939C7B}.Debug|Any CPU.ActiveCfg = Debug|Any CPU
		{F4BB4990-210A-4049-B53C-F1BD7F939C7B}.Debug|Any CPU.Build.0 = Debug|Any CPU
		{F4BB4990-210A-4049-B53C-F1BD7F939C7B}.Release|Any CPU.ActiveCfg = Release|Any CPU
		{F4BB4990-210A-4049-B53C-F1BD7F939C7B}.Release|Any CPU.Build.0 = Release|Any CPU
	EndGlobalSection
	GlobalSection(SolutionProperties) = preSolution
		HideSolutionNode = FALSE
	EndGlobalSection
EndGlobal
